
Microsoft Visual Studio Solution File, Format Version 12.00
# Visual Studio 15
VisualStudioVersion = 15.0.27130.2010
MinimumVisualStudioVersion = 10.0.40219.1
Project("{FAE04EC0-301F-11D3-BF4B-00C04F79EFBC}") = "EsportsBay.API", "EsportsBay.API\EsportsBay.API.csproj", "{34E436F6-94A6-4996-8324-8DC48927C873}"
EndProject
Global
	GlobalSection(SolutionConfigurationPlatforms) = preSolution
		Debug|Any CPU = Debug|Any CPU
		Release|Any CPU = Release|Any CPU
	EndGlobalSection
	GlobalSection(ProjectConfigurationPlatforms) = postSolution
		{34E436F6-94A6-4996-8324-8DC48927C873}.Debug|Any CPU.ActiveCfg = Debug|Any CPU
		{34E436F6-94A6-4996-8324-8DC48927C873}.Debug|Any CPU.Build.0 = Debug|Any CPU
		{34E436F6-94A6-4996-8324-8DC48927C873}.Release|Any CPU.ActiveCfg = Release|Any CPU
		{34E436F6-94A6-4996-8324-8DC48927C873}.Release|Any CPU.Build.0 = Release|Any CPU
	EndGlobalSection
	GlobalSection(SolutionProperties) = preSolution
		HideSolutionNode = FALSE
	EndGlobalSection
	GlobalSection(ExtensibilityGlobals) = postSolution
		SolutionGuid = {D5F6A354-5D6D-411B-9C6C-C4B2250E1947}
	EndGlobalSection
EndGlobal
